// !$*UTF8*$!
{
	archiveVersion = 1;
	classes = {
	};
	objectVersion = 46;
	objects = {

/* Begin PBXBuildFile section */
		68220A7D1D59761C00715E37 /* AWEncoder.swift in Sources */ = {isa = PBXBuildFile; fileRef = 68220A7C1D59761C00715E37 /* AWEncoder.swift */; };
		68220A8D1D59A30300715E37 /* amf.c in Sources */ = {isa = PBXBuildFile; fileRef = 68220A7F1D59A30300715E37 /* amf.c */; };
		68220A8E1D59A30300715E37 /* aw_rtmp.c in Sources */ = {isa = PBXBuildFile; fileRef = 68220A811D59A30300715E37 /* aw_rtmp.c */; };
		68220A8F1D59A30300715E37 /* hashswf.c in Sources */ = {isa = PBXBuildFile; fileRef = 68220A851D59A30300715E37 /* hashswf.c */; };
		68220A901D59A30300715E37 /* log.c in Sources */ = {isa = PBXBuildFile; fileRef = 68220A871D59A30300715E37 /* log.c */; };
		68220A911D59A30300715E37 /* parseurl.c in Sources */ = {isa = PBXBuildFile; fileRef = 68220A891D59A30300715E37 /* parseurl.c */; };
		68220A921D59A30300715E37 /* rtmp.c in Sources */ = {isa = PBXBuildFile; fileRef = 68220A8A1D59A30300715E37 /* rtmp.c */; };
		68220A971D59A5C900715E37 /* AWLivePush.swift in Sources */ = {isa = PBXBuildFile; fileRef = 68220A961D59A5C900715E37 /* AWLivePush.swift */; };
		68220A991D59A93100715E37 /* AWLiveExtension.swift in Sources */ = {isa = PBXBuildFile; fileRef = 68220A981D59A93100715E37 /* AWLiveExtension.swift */; };
		68348FFC1D58692E00C2A72E /* AppDelegate.swift in Sources */ = {isa = PBXBuildFile; fileRef = 68348FFB1D58692E00C2A72E /* AppDelegate.swift */; };
		68348FFE1D58692E00C2A72E /* ViewController.swift in Sources */ = {isa = PBXBuildFile; fileRef = 68348FFD1D58692E00C2A72E /* ViewController.swift */; };
		683490011D58692E00C2A72E /* Main.storyboard in Resources */ = {isa = PBXBuildFile; fileRef = 68348FFF1D58692E00C2A72E /* Main.storyboard */; };
		683490031D58692E00C2A72E /* Assets.xcassets in Resources */ = {isa = PBXBuildFile; fileRef = 683490021D58692E00C2A72E /* Assets.xcassets */; };
		683490061D58692E00C2A72E /* LaunchScreen.storyboard in Resources */ = {isa = PBXBuildFile; fileRef = 683490041D58692E00C2A72E /* LaunchScreen.storyboard */; };
		6834900F1D586AA000C2A72E /* AWCapture.swift in Sources */ = {isa = PBXBuildFile; fileRef = 6834900E1D586AA000C2A72E /* AWCapture.swift */; };
		683490111D587EA900C2A72E /* AWLivePreview.swift in Sources */ = {isa = PBXBuildFile; fileRef = 683490101D587EA900C2A72E /* AWLivePreview.swift */; };
		6851006E1E1B8F3D00A835A2 /* AWLive.swift in Sources */ = {isa = PBXBuildFile; fileRef = 6851006D1E1B8F3D00A835A2 /* AWLive.swift */; };
		68C9BD1F1E14BE2800D2E127 /* aw_live_push.c in Sources */ = {isa = PBXBuildFile; fileRef = 68C9BD1D1E14BE2800D2E127 /* aw_live_push.c */; };
		68C9BD231E15662E00D2E127 /* AWLivePush2.swift in Sources */ = {isa = PBXBuildFile; fileRef = 68C9BD221E15662E00D2E127 /* AWLivePush2.swift */; };
/* End PBXBuildFile section */

/* Begin PBXFileReference section */
		68220A7C1D59761C00715E37 /* AWEncoder.swift */ = {isa = PBXFileReference; fileEncoding = 4; lastKnownFileType = sourcecode.swift; name = AWEncoder.swift; path = AWLiveKit/AWEncoder.swift; sourceTree = "<group>"; };
		68220A7F1D59A30300715E37 /* amf.c */ = {isa = PBXFileReference; fileEncoding = 4; lastKnownFileType = sourcecode.c.c; path = amf.c; sourceTree = "<group>"; };
		68220A801D59A30300715E37 /* amf.h */ = {isa = PBXFileReference; fileEncoding = 4; lastKnownFileType = sourcecode.c.h; path = amf.h; sourceTree = "<group>"; };
		68220A811D59A30300715E37 /* aw_rtmp.c */ = {isa = PBXFileReference; fileEncoding = 4; lastKnownFileType = sourcecode.c.c; path = aw_rtmp.c; sourceTree = "<group>"; };
		68220A821D59A30300715E37 /* aw_rtmp.h */ = {isa = PBXFileReference; fileEncoding = 4; lastKnownFileType = sourcecode.c.h; path = aw_rtmp.h; sourceTree = "<group>"; };
		68220A831D59A30300715E37 /* dhgroups.h */ = {isa = PBXFileReference; fileEncoding = 4; lastKnownFileType = sourcecode.c.h; path = dhgroups.h; sourceTree = "<group>"; };
		68220A841D59A30300715E37 /* handshake.h */ = {isa = PBXFileReference; fileEncoding = 4; lastKnownFileType = sourcecode.c.h; path = handshake.h; sourceTree = "<group>"; };
		68220A851D59A30300715E37 /* hashswf.c */ = {isa = PBXFileReference; fileEncoding = 4; lastKnownFileType = sourcecode.c.c; path = hashswf.c; sourceTree = "<group>"; };
		68220A861D59A30300715E37 /* http.h */ = {isa = PBXFileReference; fileEncoding = 4; lastKnownFileType = sourcecode.c.h; path = http.h; sourceTree = "<group>"; };
		68220A871D59A30300715E37 /* log.c */ = {isa = PBXFileReference; fileEncoding = 4; lastKnownFileType = sourcecode.c.c; path = log.c; sourceTree = "<group>"; };
		68220A881D59A30300715E37 /* log.h */ = {isa = PBXFileReference; fileEncoding = 4; lastKnownFileType = sourcecode.c.h; path = log.h; sourceTree = "<group>"; };
		68220A891D59A30300715E37 /* parseurl.c */ = {isa = PBXFileReference; fileEncoding = 4; lastKnownFileType = sourcecode.c.c; path = parseurl.c; sourceTree = "<group>"; };
		68220A8A1D59A30300715E37 /* rtmp.c */ = {isa = PBXFileReference; fileEncoding = 4; lastKnownFileType = sourcecode.c.c; path = rtmp.c; sourceTree = "<group>"; };
		68220A8B1D59A30300715E37 /* rtmp.h */ = {isa = PBXFileReference; fileEncoding = 4; lastKnownFileType = sourcecode.c.h; path = rtmp.h; sourceTree = "<group>"; };
		68220A8C1D59A30300715E37 /* rtmp_sys.h */ = {isa = PBXFileReference; fileEncoding = 4; lastKnownFileType = sourcecode.c.h; path = rtmp_sys.h; sourceTree = "<group>"; };
		68220A931D59A32C00715E37 /* Bridging-header.h */ = {isa = PBXFileReference; lastKnownFileType = sourcecode.c.h; path = "Bridging-header.h"; sourceTree = "<group>"; };
		68220A941D59A3BB00715E37 /* bytes.h */ = {isa = PBXFileReference; fileEncoding = 4; lastKnownFileType = sourcecode.c.h; path = bytes.h; sourceTree = "<group>"; };
		68220A951D59A3BB00715E37 /* dh.h */ = {isa = PBXFileReference; fileEncoding = 4; lastKnownFileType = sourcecode.c.h; path = dh.h; sourceTree = "<group>"; };
		68220A961D59A5C900715E37 /* AWLivePush.swift */ = {isa = PBXFileReference; fileEncoding = 4; lastKnownFileType = sourcecode.swift; name = AWLivePush.swift; path = AWLiveKit/AWLivePush.swift; sourceTree = "<group>"; };
		68220A981D59A93100715E37 /* AWLiveExtension.swift */ = {isa = PBXFileReference; fileEncoding = 4; lastKnownFileType = sourcecode.swift; name = AWLiveExtension.swift; path = AWLiveKit/AWLiveExtension.swift; sourceTree = "<group>"; };
		68348FF81D58692E00C2A72E /* AWLiveKit.app */ = {isa = PBXFileReference; explicitFileType = wrapper.application; includeInIndex = 0; path = AWLiveKit.app; sourceTree = BUILT_PRODUCTS_DIR; };
		68348FFB1D58692E00C2A72E /* AppDelegate.swift */ = {isa = PBXFileReference; lastKnownFileType = sourcecode.swift; path = AppDelegate.swift; sourceTree = "<group>"; };
		68348FFD1D58692E00C2A72E /* ViewController.swift */ = {isa = PBXFileReference; lastKnownFileType = sourcecode.swift; path = ViewController.swift; sourceTree = "<group>"; };
		683490001D58692E00C2A72E /* Base */ = {isa = PBXFileReference; lastKnownFileType = file.storyboard; name = Base; path = Base.lproj/Main.storyboard; sourceTree = "<group>"; };
		683490021D58692E00C2A72E /* Assets.xcassets */ = {isa = PBXFileReference; lastKnownFileType = folder.assetcatalog; path = Assets.xcassets; sourceTree = "<group>"; };
		683490051D58692E00C2A72E /* Base */ = {isa = PBXFileReference; lastKnownFileType = file.storyboard; name = Base; path = Base.lproj/LaunchScreen.storyboard; sourceTree = "<group>"; };
		683490071D58692E00C2A72E /* Info.plist */ = {isa = PBXFileReference; lastKnownFileType = text.plist.xml; path = Info.plist; sourceTree = "<group>"; };
		6834900E1D586AA000C2A72E /* AWCapture.swift */ = {isa = PBXFileReference; fileEncoding = 4; lastKnownFileType = sourcecode.swift; name = AWCapture.swift; path = AWLiveKit/AWCapture.swift; sourceTree = "<group>"; };
		683490101D587EA900C2A72E /* AWLivePreview.swift */ = {isa = PBXFileReference; fileEncoding = 4; lastKnownFileType = sourcecode.swift; name = AWLivePreview.swift; path = AWLiveKit/AWLivePreview.swift; sourceTree = "<group>"; };
		6851006D1E1B8F3D00A835A2 /* AWLive.swift */ = {isa = PBXFileReference; fileEncoding = 4; lastKnownFileType = sourcecode.swift; name = AWLive.swift; path = AWLiveKit/AWLive.swift; sourceTree = "<group>"; };
		68C9BD1D1E14BE2800D2E127 /* aw_live_push.c */ = {isa = PBXFileReference; fileEncoding = 4; lastKnownFileType = sourcecode.c.c; name = aw_live_push.c; path = AWLiveKit/aw_live_push.c; sourceTree = "<group>"; };
		68C9BD1E1E14BE2800D2E127 /* aw_live_push.h */ = {isa = PBXFileReference; fileEncoding = 4; lastKnownFileType = sourcecode.c.h; name = aw_live_push.h; path = AWLiveKit/aw_live_push.h; sourceTree = "<group>"; };
		68C9BD221E15662E00D2E127 /* AWLivePush2.swift */ = {isa = PBXFileReference; fileEncoding = 4; lastKnownFileType = sourcecode.swift; name = AWLivePush2.swift; path = AWLiveKit/AWLivePush2.swift; sourceTree = "<group>"; };
/* End PBXFileReference section */

/* Begin PBXFrameworksBuildPhase section */
		68348FF51D58692E00C2A72E /* Frameworks */ = {
			isa = PBXFrameworksBuildPhase;
			buildActionMask = 2147483647;
			files = (
			);
			runOnlyForDeploymentPostprocessing = 0;
		};
/* End PBXFrameworksBuildPhase section */

/* Begin PBXGroup section */
		68220A7E1D59A30300715E37 /* rtmp */ = {
			isa = PBXGroup;
			children = (
				68220A941D59A3BB00715E37 /* bytes.h */,
				68220A951D59A3BB00715E37 /* dh.h */,
				68220A7F1D59A30300715E37 /* amf.c */,
				68220A801D59A30300715E37 /* amf.h */,
				68220A811D59A30300715E37 /* aw_rtmp.c */,
				68220A821D59A30300715E37 /* aw_rtmp.h */,
				68220A831D59A30300715E37 /* dhgroups.h */,
				68220A841D59A30300715E37 /* handshake.h */,
				68220A851D59A30300715E37 /* hashswf.c */,
				68220A861D59A30300715E37 /* http.h */,
				68220A871D59A30300715E37 /* log.c */,
				68220A881D59A30300715E37 /* log.h */,
				68220A891D59A30300715E37 /* parseurl.c */,
				68220A8A1D59A30300715E37 /* rtmp.c */,
				68220A8B1D59A30300715E37 /* rtmp.h */,
				68220A8C1D59A30300715E37 /* rtmp_sys.h */,
			);
			name = rtmp;
			path = AWLiveKit/rtmp;
			sourceTree = "<group>";
		};
		68348FEF1D58692E00C2A72E = {
			isa = PBXGroup;
			children = (
				68348FFA1D58692E00C2A72E /* AWLiveKit */,
				68348FF91D58692E00C2A72E /* Products */,
			);
			sourceTree = "<group>";
		};
		68348FF91D58692E00C2A72E /* Products */ = {
			isa = PBXGroup;
			children = (
				68348FF81D58692E00C2A72E /* AWLiveKit.app */,
			);
			name = Products;
			sourceTree = "<group>";
		};
		68348FFA1D58692E00C2A72E /* AWLiveKit */ = {
			isa = PBXGroup;
			children = (
				6834900D1D586A8200C2A72E /* AWLiveKit */,
				68348FFB1D58692E00C2A72E /* AppDelegate.swift */,
				68348FFD1D58692E00C2A72E /* ViewController.swift */,
				68348FFF1D58692E00C2A72E /* Main.storyboard */,
				683490021D58692E00C2A72E /* Assets.xcassets */,
				683490041D58692E00C2A72E /* LaunchScreen.storyboard */,
				683490071D58692E00C2A72E /* Info.plist */,
				68220A931D59A32C00715E37 /* Bridging-header.h */,
			);
			path = AWLiveKit;
			sourceTree = "<group>";
		};
		6834900D1D586A8200C2A72E /* AWLiveKit */ = {
			isa = PBXGroup;
			children = (
				68220A7E1D59A30300715E37 /* rtmp */,
				6834900E1D586AA000C2A72E /* AWCapture.swift */,
				6851006D1E1B8F3D00A835A2 /* AWLive.swift */,
				683490101D587EA900C2A72E /* AWLivePreview.swift */,
				68220A7C1D59761C00715E37 /* AWEncoder.swift */,
				68220A961D59A5C900715E37 /* AWLivePush.swift */,
				68C9BD221E15662E00D2E127 /* AWLivePush2.swift */,
				68220A981D59A93100715E37 /* AWLiveExtension.swift */,
				68C9BD1D1E14BE2800D2E127 /* aw_live_push.c */,
				68C9BD1E1E14BE2800D2E127 /* aw_live_push.h */,
			);
			name = AWLiveKit;
			sourceTree = "<group>";
		};
/* End PBXGroup section */

/* Begin PBXNativeTarget section */
		68348FF71D58692E00C2A72E /* AWLiveKit */ = {
			isa = PBXNativeTarget;
			buildConfigurationList = 6834900A1D58692E00C2A72E /* Build configuration list for PBXNativeTarget "AWLiveKit" */;
			buildPhases = (
				68348FF41D58692E00C2A72E /* Sources */,
				68348FF51D58692E00C2A72E /* Frameworks */,
				68348FF61D58692E00C2A72E /* Resources */,
			);
			buildRules = (
			);
			dependencies = (
			);
			name = AWLiveKit;
			productName = AWLiveKit;
			productReference = 68348FF81D58692E00C2A72E /* AWLiveKit.app */;
			productType = "com.apple.product-type.application";
		};
/* End PBXNativeTarget section */

/* Begin PBXProject section */
		68348FF01D58692E00C2A72E /* Project object */ = {
			isa = PBXProject;
			attributes = {
				LastSwiftUpdateCheck = 0730;
				LastUpgradeCheck = 0730;
				ORGANIZATIONNAME = "秦 道平";
				TargetAttributes = {
					68348FF71D58692E00C2A72E = {
						CreatedOnToolsVersion = 7.3.1;
						DevelopmentTeam = 656GZ3SAAP;
					};
				};
			};
			buildConfigurationList = 68348FF31D58692E00C2A72E /* Build configuration list for PBXProject "AWLiveKit" */;
			compatibilityVersion = "Xcode 3.2";
			developmentRegion = English;
			hasScannedForEncodings = 0;
			knownRegions = (
				en,
				Base,
			);
			mainGroup = 68348FEF1D58692E00C2A72E;
			productRefGroup = 68348FF91D58692E00C2A72E /* Products */;
			projectDirPath = "";
			projectRoot = "";
			targets = (
				68348FF71D58692E00C2A72E /* AWLiveKit */,
			);
		};
/* End PBXProject section */

/* Begin PBXResourcesBuildPhase section */
		68348FF61D58692E00C2A72E /* Resources */ = {
			isa = PBXResourcesBuildPhase;
			buildActionMask = 2147483647;
			files = (
				683490061D58692E00C2A72E /* LaunchScreen.storyboard in Resources */,
				683490031D58692E00C2A72E /* Assets.xcassets in Resources */,
				683490011D58692E00C2A72E /* Main.storyboard in Resources */,
			);
			runOnlyForDeploymentPostprocessing = 0;
		};
/* End PBXResourcesBuildPhase section */

/* Begin PBXSourcesBuildPhase section */
		68348FF41D58692E00C2A72E /* Sources */ = {
			isa = PBXSourcesBuildPhase;
			buildActionMask = 2147483647;
			files = (
				68220A901D59A30300715E37 /* log.c in Sources */,
				68220A991D59A93100715E37 /* AWLiveExtension.swift in Sources */,
				68C9BD231E15662E00D2E127 /* AWLivePush2.swift in Sources */,
				68220A8D1D59A30300715E37 /* amf.c in Sources */,
				68220A8E1D59A30300715E37 /* aw_rtmp.c in Sources */,
				68220A971D59A5C900715E37 /* AWLivePush.swift in Sources */,
				68C9BD1F1E14BE2800D2E127 /* aw_live_push.c in Sources */,
				68220A7D1D59761C00715E37 /* AWEncoder.swift in Sources */,
				683490111D587EA900C2A72E /* AWLivePreview.swift in Sources */,
				68220A911D59A30300715E37 /* parseurl.c in Sources */,
				68348FFE1D58692E00C2A72E /* ViewController.swift in Sources */,
				68348FFC1D58692E00C2A72E /* AppDelegate.swift in Sources */,
				68220A8F1D59A30300715E37 /* hashswf.c in Sources */,
				6834900F1D586AA000C2A72E /* AWCapture.swift in Sources */,
				68220A921D59A30300715E37 /* rtmp.c in Sources */,
				6851006E1E1B8F3D00A835A2 /* AWLive.swift in Sources */,
			);
			runOnlyForDeploymentPostprocessing = 0;
		};
/* End PBXSourcesBuildPhase section */

/* Begin PBXVariantGroup section */
		68348FFF1D58692E00C2A72E /* Main.storyboard */ = {
			isa = PBXVariantGroup;
			children = (
				683490001D58692E00C2A72E /* Base */,
			);
			name = Main.storyboard;
			sourceTree = "<group>";
		};
		683490041D58692E00C2A72E /* LaunchScreen.storyboard */ = {
			isa = PBXVariantGroup;
			children = (
				683490051D58692E00C2A72E /* Base */,
			);
			name = LaunchScreen.storyboard;
			sourceTree = "<group>";
		};
/* End PBXVariantGroup section */

/* Begin XCBuildConfiguration section */
		683490081D58692E00C2A72E /* Debug */ = {
			isa = XCBuildConfiguration;
			buildSettings = {
				ALWAYS_SEARCH_USER_PATHS = NO;
				CLANG_ANALYZER_NONNULL = YES;
				CLANG_CXX_LANGUAGE_STANDARD = "gnu++0x";
				CLANG_CXX_LIBRARY = "libc++";
				CLANG_ENABLE_MODULES = YES;
				CLANG_ENABLE_OBJC_ARC = YES;
				CLANG_WARN_BOOL_CONVERSION = YES;
				CLANG_WARN_CONSTANT_CONVERSION = YES;
				CLANG_WARN_DIRECT_OBJC_ISA_USAGE = YES_ERROR;
				CLANG_WARN_EMPTY_BODY = YES;
				CLANG_WARN_ENUM_CONVERSION = YES;
				CLANG_WARN_INT_CONVERSION = YES;
				CLANG_WARN_OBJC_ROOT_CLASS = YES_ERROR;
				CLANG_WARN_UNREACHABLE_CODE = YES;
				CLANG_WARN__DUPLICATE_METHOD_MATCH = YES;
				"CODE_SIGN_IDENTITY[sdk=iphoneos*]" = "iPhone Developer";
				COPY_PHASE_STRIP = NO;
				DEBUG_INFORMATION_FORMAT = dwarf;
				ENABLE_STRICT_OBJC_MSGSEND = YES;
				ENABLE_TESTABILITY = YES;
				GCC_C_LANGUAGE_STANDARD = gnu99;
				GCC_DYNAMIC_NO_PIC = NO;
				GCC_NO_COMMON_BLOCKS = YES;
				GCC_OPTIMIZATION_LEVEL = 0;
				GCC_PREPROCESSOR_DEFINITIONS = (
					"DEBUG=1",
					"$(inherited)",
				);
				GCC_WARN_64_TO_32_BIT_CONVERSION = YES;
				GCC_WARN_ABOUT_RETURN_TYPE = YES_ERROR;
				GCC_WARN_UNDECLARED_SELECTOR = YES;
				GCC_WARN_UNINITIALIZED_AUTOS = YES_AGGRESSIVE;
				GCC_WARN_UNUSED_FUNCTION = YES;
				GCC_WARN_UNUSED_VARIABLE = YES;
				IPHONEOS_DEPLOYMENT_TARGET = 9.3;
				MTL_ENABLE_DEBUG_INFO = YES;
				ONLY_ACTIVE_ARCH = YES;
				SDKROOT = iphoneos;
				SWIFT_OPTIMIZATION_LEVEL = "-Onone";
				SWIFT_VERSION = 2.3;
			};
			name = Debug;
		};
		683490091D58692E00C2A72E /* Release */ = {
			isa = XCBuildConfiguration;
			buildSettings = {
				ALWAYS_SEARCH_USER_PATHS = NO;
				CLANG_ANALYZER_NONNULL = YES;
				CLANG_CXX_LANGUAGE_STANDARD = "gnu++0x";
				CLANG_CXX_LIBRARY = "libc++";
				CLANG_ENABLE_MODULES = YES;
				CLANG_ENABLE_OBJC_ARC = YES;
				CLANG_WARN_BOOL_CONVERSION = YES;
				CLANG_WARN_CONSTANT_CONVERSION = YES;
				CLANG_WARN_DIRECT_OBJC_ISA_USAGE = YES_ERROR;
				CLANG_WARN_EMPTY_BODY = YES;
				CLANG_WARN_ENUM_CONVERSION = YES;
				CLANG_WARN_INT_CONVERSION = YES;
				CLANG_WARN_OBJC_ROOT_CLASS = YES_ERROR;
				CLANG_WARN_UNREACHABLE_CODE = YES;
				CLANG_WARN__DUPLICATE_METHOD_MATCH = YES;
				"CODE_SIGN_IDENTITY[sdk=iphoneos*]" = "iPhone Developer";
				COPY_PHASE_STRIP = NO;
				DEBUG_INFORMATION_FORMAT = "dwarf-with-dsym";
				ENABLE_NS_ASSERTIONS = NO;
				ENABLE_STRICT_OBJC_MSGSEND = YES;
				GCC_C_LANGUAGE_STANDARD = gnu99;
				GCC_NO_COMMON_BLOCKS = YES;
				GCC_WARN_64_TO_32_BIT_CONVERSION = YES;
				GCC_WARN_ABOUT_RETURN_TYPE = YES_ERROR;
				GCC_WARN_UNDECLARED_SELECTOR = YES;
				GCC_WARN_UNINITIALIZED_AUTOS = YES_AGGRESSIVE;
				GCC_WARN_UNUSED_FUNCTION = YES;
				GCC_WARN_UNUSED_VARIABLE = YES;
				IPHONEOS_DEPLOYMENT_TARGET = 9.3;
				MTL_ENABLE_DEBUG_INFO = NO;
				SDKROOT = iphoneos;
				SWIFT_VERSION = 2.3;
				VALIDATE_PRODUCT = YES;
			};
			name = Release;
		};
		6834900B1D58692E00C2A72E /* Debug */ = {
			isa = XCBuildConfiguration;
			buildSettings = {
				ASSETCATALOG_COMPILER_APPICON_NAME = AppIcon;
				DEVELOPMENT_TEAM = 656GZ3SAAP;
				INFOPLIST_FILE = AWLiveKit/Info.plist;
				LD_RUNPATH_SEARCH_PATHS = "$(inherited) @executable_path/Frameworks";
				PRODUCT_BUNDLE_IDENTIFIER = adow.AWLiveKit;
				PRODUCT_NAME = "$(TARGET_NAME)";
				SWIFT_OBJC_BRIDGING_HEADER = "AWLiveKit/Bridging-header.h";
			};
			name = Debug;
		};
		6834900C1D58692E00C2A72E /* Release */ = {
			isa = XCBuildConfiguration;
			buildSettings = {
				ASSETCATALOG_COMPILER_APPICON_NAME = AppIcon;
				DEVELOPMENT_TEAM = 656GZ3SAAP;
				INFOPLIST_FILE = AWLiveKit/Info.plist;
				LD_RUNPATH_SEARCH_PATHS = "$(inherited) @executable_path/Frameworks";
				PRODUCT_BUNDLE_IDENTIFIER = adow.AWLiveKit;
				PRODUCT_NAME = "$(TARGET_NAME)";
				SWIFT_OBJC_BRIDGING_HEADER = "AWLiveKit/Bridging-header.h";
			};
			name = Release;
		};
/* End XCBuildConfiguration section */

/* Begin XCConfigurationList section */
		68348FF31D58692E00C2A72E /* Build configuration list for PBXProject "AWLiveKit" */ = {
			isa = XCConfigurationList;
			buildConfigurations = (
				683490081D58692E00C2A72E /* Debug */,
				683490091D58692E00C2A72E /* Release */,
			);
			defaultConfigurationIsVisible = 0;
			defaultConfigurationName = Release;
		};
		6834900A1D58692E00C2A72E /* Build configuration list for PBXNativeTarget "AWLiveKit" */ = {
			isa = XCConfigurationList;
			buildConfigurations = (
				6834900B1D58692E00C2A72E /* Debug */,
				6834900C1D58692E00C2A72E /* Release */,
			);
			defaultConfigurationIsVisible = 0;
			defaultConfigurationName = Release;
		};
/* End XCConfigurationList section */
	};
	rootObject = 68348FF01D58692E00C2A72E /* Project object */;
}
